
Microsoft Visual Studio Solution File, Format Version 12.00
# Visual Studio 15
VisualStudioVersion = 15.0.28010.2046
MinimumVisualStudioVersion = 10.0.40219.1
Project("{9A19103F-16F7-4668-BE54-9A1E7A4F7556}") = "Sample", "Sample.csproj", "{50058734-1DE7-407E-A8EF-ECC6B438845F}"
EndProject
Global
	GlobalSection(SolutionConfigurationPlatforms) = preSolution
		Debug|Any CPU = Debug|Any CPU
		Release|Any CPU = Release|Any CPU
	EndGlobalSection
	GlobalSection(ProjectConfigurationPlatforms) = postSolution
		{50058734-1DE7-407E-A8EF-ECC6B438845F}.Debug|Any CPU.ActiveCfg = Debug|Any CPU
		{50058734-1DE7-407E-A8EF-ECC6B438845F}.Debug|Any CPU.Build.0 = Debug|Any CPU
		{50058734-1DE7-407E-A8EF-ECC6B438845F}.Release|Any CPU.ActiveCfg = Release|Any CPU
		{50058734-1DE7-407E-A8EF-ECC6B438845F}.Release|Any CPU.Build.0 = Release|Any CPU
	EndGlobalSection
	GlobalSection(SolutionProperties) = preSolution
		HideSolutionNode = FALSE
	EndGlobalSection
	GlobalSection(ExtensibilityGlobals) = postSolution
		SolutionGuid = {03DE6742-840B-4846-8567-A66C5A44ED16}
	EndGlobalSection
EndGlobal
